
Microsoft Visual Studio Solution File, Format Version 12.00
# Visual Studio Version 16
VisualStudioVersion = 16.0.31624.102
MinimumVisualStudioVersion = 10.0.40219.1
Project("{8BC9CEB8-8B4A-11D0-8D11-00A0C91BC942}") = "Longest Substring without Repeating Characters", "Longest Substring without Repeating Characters\Longest Substring without Repeating Characters.vcxproj", "{C266DC23-2F4D-4F16-A718-3942F0A5E72A}"
EndProject
Global
	GlobalSection(SolutionConfigurationPlatforms) = preSolution
		Debug|x64 = Debug|x64
		Debug|x86 = Debug|x86
		Release|x64 = Release|x64
		Release|x86 = Release|x86
	EndGlobalSection
	GlobalSection(ProjectConfigurationPlatforms) = postSolution
		{C266DC23-2F4D-4F16-A718-3942F0A5E72A}.Debug|x64.ActiveCfg = Debug|x64
		{C266DC23-2F4D-4F16-A718-3942F0A5E72A}.Debug|x64.Build.0 = Debug|x64
		{C266DC23-2F4D-4F16-A718-3942F0A5E72A}.Debug|x86.ActiveCfg = Debug|Win32
		{C266DC23-2F4D-4F16-A718-3942F0A5E72A}.Debug|x86.Build.0 = Debug|Win32
		{C266DC23-2F4D-4F16-A718-3942F0A5E72A}.Release|x64.ActiveCfg = Release|x64
		{C266DC23-2F4D-4F16-A718-3942F0A5E72A}.Release|x64.Build.0 = Release|x64
		{C266DC23-2F4D-4F16-A718-3942F0A5E72A}.Release|x86.ActiveCfg = Release|Win32
		{C266DC23-2F4D-4F16-A718-3942F0A5E72A}.Release|x86.Build.0 = Release|Win32
	EndGlobalSection
	GlobalSection(SolutionProperties) = preSolution
		HideSolutionNode = FALSE
	EndGlobalSection
	GlobalSection(ExtensibilityGlobals) = postSolution
		SolutionGuid = {F9CAFD9F-2A4D-44F5-AF6D-A3DBB14225DF}
	EndGlobalSection
EndGlobal
